// !$*UTF8*$!
{
	archiveVersion = 1;
	classes = {
	};
	objectVersion = 46;
	objects = {

/* Begin PBXBuildFile section */
		56ABF75D1A87F72D00E2F8C9 /* Song.swift in Sources */ = {isa = PBXBuildFile; fileRef = 56ABF75C1A87F72D00E2F8C9 /* Song.swift */; };
		56BE7E6D1A87F466007D9949 /* SongList.swift in Sources */ = {isa = PBXBuildFile; fileRef = 56BE7E6C1A87F466007D9949 /* SongList.swift */; };
		66F9026F1A87EED500D65004 /* AppDelegate.swift in Sources */ = {isa = PBXBuildFile; fileRef = 66F9026E1A87EED500D65004 /* AppDelegate.swift */; };
		66F902711A87EED500D65004 /* ViewController.swift in Sources */ = {isa = PBXBuildFile; fileRef = 66F902701A87EED500D65004 /* ViewController.swift */; };
		66F902741A87EED500D65004 /* Main.storyboard in Resources */ = {isa = PBXBuildFile; fileRef = 66F902721A87EED500D65004 /* Main.storyboard */; };
		66F902761A87EED500D65004 /* Images.xcassets in Resources */ = {isa = PBXBuildFile; fileRef = 66F902751A87EED500D65004 /* Images.xcassets */; };
		66F902791A87EED600D65004 /* LaunchScreen.xib in Resources */ = {isa = PBXBuildFile; fileRef = 66F902771A87EED600D65004 /* LaunchScreen.xib */; };
		66F902851A87EED600D65004 /* IOS_Music_AppTests.swift in Sources */ = {isa = PBXBuildFile; fileRef = 66F902841A87EED600D65004 /* IOS_Music_AppTests.swift */; };
/* End PBXBuildFile section */

/* Begin PBXContainerItemProxy section */
		66F9027F1A87EED600D65004 /* PBXContainerItemProxy */ = {
			isa = PBXContainerItemProxy;
			containerPortal = 66F902611A87EED500D65004 /* Project object */;
			proxyType = 1;
			remoteGlobalIDString = 66F902681A87EED500D65004;
			remoteInfo = "IOS Music App";
		};
/* End PBXContainerItemProxy section */

/* Begin PBXFileReference section */
		56ABF75C1A87F72D00E2F8C9 /* Song.swift */ = {isa = PBXFileReference; fileEncoding = 4; lastKnownFileType = sourcecode.swift; path = Song.swift; sourceTree = "<group>"; };
		56BE7E6C1A87F466007D9949 /* SongList.swift */ = {isa = PBXFileReference; fileEncoding = 4; lastKnownFileType = sourcecode.swift; path = SongList.swift; sourceTree = "<group>"; };
		66F902691A87EED500D65004 /* IOS Music App.app */ = {isa = PBXFileReference; explicitFileType = wrapper.application; includeInIndex = 0; path = "IOS Music App.app"; sourceTree = BUILT_PRODUCTS_DIR; };
		66F9026D1A87EED500D65004 /* Info.plist */ = {isa = PBXFileReference; lastKnownFileType = text.plist.xml; path = Info.plist; sourceTree = "<group>"; };
		66F9026E1A87EED500D65004 /* AppDelegate.swift */ = {isa = PBXFileReference; lastKnownFileType = sourcecode.swift; path = AppDelegate.swift; sourceTree = "<group>"; };
		66F902701A87EED500D65004 /* ViewController.swift */ = {isa = PBXFileReference; lastKnownFileType = sourcecode.swift; path = ViewController.swift; sourceTree = "<group>"; };
		66F902731A87EED500D65004 /* Base */ = {isa = PBXFileReference; lastKnownFileType = file.storyboard; name = Base; path = Base.lproj/Main.storyboard; sourceTree = "<group>"; };
		66F902751A87EED500D65004 /* Images.xcassets */ = {isa = PBXFileReference; lastKnownFileType = folder.assetcatalog; path = Images.xcassets; sourceTree = "<group>"; };
		66F902781A87EED600D65004 /* Base */ = {isa = PBXFileReference; lastKnownFileType = file.xib; name = Base; path = Base.lproj/LaunchScreen.xib; sourceTree = "<group>"; };
		66F9027E1A87EED600D65004 /* IOS Music AppTests.xctest */ = {isa = PBXFileReference; explicitFileType = wrapper.cfbundle; includeInIndex = 0; path = "IOS Music AppTests.xctest"; sourceTree = BUILT_PRODUCTS_DIR; };
		66F902831A87EED600D65004 /* Info.plist */ = {isa = PBXFileReference; lastKnownFileType = text.plist.xml; path = Info.plist; sourceTree = "<group>"; };
		66F902841A87EED600D65004 /* IOS_Music_AppTests.swift */ = {isa = PBXFileReference; lastKnownFileType = sourcecode.swift; path = IOS_Music_AppTests.swift; sourceTree = "<group>"; };
/* End PBXFileReference section */

/* Begin PBXFrameworksBuildPhase section */
		66F902661A87EED500D65004 /* Frameworks */ = {
			isa = PBXFrameworksBuildPhase;
			buildActionMask = 2147483647;
			files = (
			);
			runOnlyForDeploymentPostprocessing = 0;
		};
		66F9027B1A87EED600D65004 /* Frameworks */ = {
			isa = PBXFrameworksBuildPhase;
			buildActionMask = 2147483647;
			files = (
			);
			runOnlyForDeploymentPostprocessing = 0;
		};
/* End PBXFrameworksBuildPhase section */

/* Begin PBXGroup section */
		66F902601A87EED500D65004 = {
			isa = PBXGroup;
			children = (
				66F9026B1A87EED500D65004 /* IOS Music App */,
				66F902811A87EED600D65004 /* IOS Music AppTests */,
				66F9026A1A87EED500D65004 /* Products */,
			);
			sourceTree = "<group>";
		};
		66F9026A1A87EED500D65004 /* Products */ = {
			isa = PBXGroup;
			children = (
				66F902691A87EED500D65004 /* IOS Music App.app */,
				66F9027E1A87EED600D65004 /* IOS Music AppTests.xctest */,
			);
			name = Products;
			sourceTree = "<group>";
		};
		66F9026B1A87EED500D65004 /* IOS Music App */ = {
			isa = PBXGroup;
			children = (
				56ABF75C1A87F72D00E2F8C9 /* Song.swift */,
				56BE7E6C1A87F466007D9949 /* SongList.swift */,
				66F9026E1A87EED500D65004 /* AppDelegate.swift */,
				66F902701A87EED500D65004 /* ViewController.swift */,
				66F902721A87EED500D65004 /* Main.storyboard */,
				66F902751A87EED500D65004 /* Images.xcassets */,
				66F902771A87EED600D65004 /* LaunchScreen.xib */,
				66F9026C1A87EED500D65004 /* Supporting Files */,
			);
			path = "IOS Music App";
			sourceTree = "<group>";
		};
		66F9026C1A87EED500D65004 /* Supporting Files */ = {
			isa = PBXGroup;
			children = (
				66F9026D1A87EED500D65004 /* Info.plist */,
			);
			name = "Supporting Files";
			sourceTree = "<group>";
		};
		66F902811A87EED600D65004 /* IOS Music AppTests */ = {
			isa = PBXGroup;
			children = (
				66F902841A87EED600D65004 /* IOS_Music_AppTests.swift */,
				66F902821A87EED600D65004 /* Supporting Files */,
			);
			path = "IOS Music AppTests";
			sourceTree = "<group>";
		};
		66F902821A87EED600D65004 /* Supporting Files */ = {
			isa = PBXGroup;
			children = (
				66F902831A87EED600D65004 /* Info.plist */,
			);
			name = "Supporting Files";
			sourceTree = "<group>";
		};
/* End PBXGroup section */

/* Begin PBXNativeTarget section */
		66F902681A87EED500D65004 /* IOS Music App */ = {
			isa = PBXNativeTarget;
			buildConfigurationList = 66F902881A87EED600D65004 /* Build configuration list for PBXNativeTarget "IOS Music App" */;
			buildPhases = (
				66F902651A87EED500D65004 /* Sources */,
				66F902661A87EED500D65004 /* Frameworks */,
				66F902671A87EED500D65004 /* Resources */,
			);
			buildRules = (
			);
			dependencies = (
			);
			name = "IOS Music App";
			productName = "IOS Music App";
			productReference = 66F902691A87EED500D65004 /* IOS Music App.app */;
			productType = "com.apple.product-type.application";
		};
		66F9027D1A87EED600D65004 /* IOS Music AppTests */ = {
			isa = PBXNativeTarget;
			buildConfigurationList = 66F9028B1A87EED600D65004 /* Build configuration list for PBXNativeTarget "IOS Music AppTests" */;
			buildPhases = (
				66F9027A1A87EED600D65004 /* Sources */,
				66F9027B1A87EED600D65004 /* Frameworks */,
				66F9027C1A87EED600D65004 /* Resources */,
			);
			buildRules = (
			);
			dependencies = (
				66F902801A87EED600D65004 /* PBXTargetDependency */,
			);
			name = "IOS Music AppTests";
			productName = "IOS Music AppTests";
			productReference = 66F9027E1A87EED600D65004 /* IOS Music AppTests.xctest */;
			productType = "com.apple.product-type.bundle.unit-test";
		};
/* End PBXNativeTarget section */

/* Begin PBXProject section */
		66F902611A87EED500D65004 /* Project object */ = {
			isa = PBXProject;
			attributes = {
				LastUpgradeCheck = 0610;
				ORGANIZATIONNAME = Sugr;
				TargetAttributes = {
					66F902681A87EED500D65004 = {
						CreatedOnToolsVersion = 6.1.1;
					};
					66F9027D1A87EED600D65004 = {
						CreatedOnToolsVersion = 6.1.1;
						TestTargetID = 66F902681A87EED500D65004;
					};
				};
			};
			buildConfigurationList = 66F902641A87EED500D65004 /* Build configuration list for PBXProject "IOS Music App" */;
			compatibilityVersion = "Xcode 3.2";
			developmentRegion = English;
			hasScannedForEncodings = 0;
			knownRegions = (
				en,
				Base,
			);
			mainGroup = 66F902601A87EED500D65004;
			productRefGroup = 66F9026A1A87EED500D65004 /* Products */;
			projectDirPath = "";
			projectRoot = "";
			targets = (
				66F902681A87EED500D65004 /* IOS Music App */,
				66F9027D1A87EED600D65004 /* IOS Music AppTests */,
			);
		};
/* End PBXProject section */

/* Begin PBXResourcesBuildPhase section */
		66F902671A87EED500D65004 /* Resources */ = {
			isa = PBXResourcesBuildPhase;
			buildActionMask = 2147483647;
			files = (
				66F902741A87EED500D65004 /* Main.storyboard in Resources */,
				66F902791A87EED600D65004 /* LaunchScreen.xib in Resources */,
				66F902761A87EED500D65004 /* Images.xcassets in Resources */,
			);
			runOnlyForDeploymentPostprocessing = 0;
		};
		66F9027C1A87EED600D65004 /* Resources */ = {
			isa = PBXResourcesBuildPhase;
			buildActionMask = 2147483647;
			files = (
			);
			runOnlyForDeploymentPostprocessing = 0;
		};
/* End PBXResourcesBuildPhase section */

/* Begin PBXSourcesBuildPhase section */
		66F902651A87EED500D65004 /* Sources */ = {
			isa = PBXSourcesBuildPhase;
			buildActionMask = 2147483647;
			files = (
				56ABF75D1A87F72D00E2F8C9 /* Song.swift in Sources */,
				66F902711A87EED500D65004 /* ViewController.swift in Sources */,
				56BE7E6D1A87F466007D9949 /* SongList.swift in Sources */,
				66F9026F1A87EED500D65004 /* AppDelegate.swift in Sources */,
			);
			runOnlyForDeploymentPostprocessing = 0;
		};
		66F9027A1A87EED600D65004 /* Sources */ = {
			isa = PBXSourcesBuildPhase;
			buildActionMask = 2147483647;
			files = (
				66F902851A87EED600D65004 /* IOS_Music_AppTests.swift in Sources */,
			);
			runOnlyForDeploymentPostprocessing = 0;
		};
/* End PBXSourcesBuildPhase section */

/* Begin PBXTargetDependency section */
		66F902801A87EED600D65004 /* PBXTargetDependency */ = {
			isa = PBXTargetDependency;
			target = 66F902681A87EED500D65004 /* IOS Music App */;
			targetProxy = 66F9027F1A87EED600D65004 /* PBXContainerItemProxy */;
		};
/* End PBXTargetDependency section */

/* Begin PBXVariantGroup section */
		66F902721A87EED500D65004 /* Main.storyboard */ = {
			isa = PBXVariantGroup;
			children = (
				66F902731A87EED500D65004 /* Base */,
			);
			name = Main.storyboard;
			sourceTree = "<group>";
		};
		66F902771A87EED600D65004 /* LaunchScreen.xib */ = {
			isa = PBXVariantGroup;
			children = (
				66F902781A87EED600D65004 /* Base */,
			);
			name = LaunchScreen.xib;
			sourceTree = "<group>";
		};
/* End PBXVariantGroup section */

/* Begin XCBuildConfiguration section */
		66F902861A87EED600D65004 /* Debug */ = {
			isa = XCBuildConfiguration;
			buildSettings = {
				ALWAYS_SEARCH_USER_PATHS = NO;
				CLANG_CXX_LANGUAGE_STANDARD = "gnu++0x";
				CLANG_CXX_LIBRARY = "libc++";
				CLANG_ENABLE_MODULES = YES;
				CLANG_ENABLE_OBJC_ARC = YES;
				CLANG_WARN_BOOL_CONVERSION = YES;
				CLANG_WARN_CONSTANT_CONVERSION = YES;
				CLANG_WARN_DIRECT_OBJC_ISA_USAGE = YES_ERROR;
				CLANG_WARN_EMPTY_BODY = YES;
				CLANG_WARN_ENUM_CONVERSION = YES;
				CLANG_WARN_INT_CONVERSION = YES;
				CLANG_WARN_OBJC_ROOT_CLASS = YES_ERROR;
				CLANG_WARN_UNREACHABLE_CODE = YES;
				CLANG_WARN__DUPLICATE_METHOD_MATCH = YES;
				"CODE_SIGN_IDENTITY[sdk=iphoneos*]" = "iPhone Developer";
				COPY_PHASE_STRIP = NO;
				ENABLE_STRICT_OBJC_MSGSEND = YES;
				GCC_C_LANGUAGE_STANDARD = gnu99;
				GCC_DYNAMIC_NO_PIC = NO;
				GCC_OPTIMIZATION_LEVEL = 0;
				GCC_PREPROCESSOR_DEFINITIONS = (
					"DEBUG=1",
					"$(inherited)",
				);
				GCC_SYMBOLS_PRIVATE_EXTERN = NO;
				GCC_WARN_64_TO_32_BIT_CONVERSION = YES;
				GCC_WARN_ABOUT_RETURN_TYPE = YES_ERROR;
				GCC_WARN_UNDECLARED_SELECTOR = YES;
				GCC_WARN_UNINITIALIZED_AUTOS = YES_AGGRESSIVE;
				GCC_WARN_UNUSED_FUNCTION = YES;
				GCC_WARN_UNUSED_VARIABLE = YES;
				IPHONEOS_DEPLOYMENT_TARGET = 8.1;
				MTL_ENABLE_DEBUG_INFO = YES;
				ONLY_ACTIVE_ARCH = YES;
				SDKROOT = iphoneos;
				SWIFT_OPTIMIZATION_LEVEL = "-Onone";
				TARGETED_DEVICE_FAMILY = "1,2";
			};
			name = Debug;
		};
		66F902871A87EED600D65004 /* Release */ = {
			isa = XCBuildConfiguration;
			buildSettings = {
				ALWAYS_SEARCH_USER_PATHS = NO;
				CLANG_CXX_LANGUAGE_STANDARD = "gnu++0x";
				CLANG_CXX_LIBRARY = "libc++";
				CLANG_ENABLE_MODULES = YES;
				CLANG_ENABLE_OBJC_ARC = YES;
				CLANG_WARN_BOOL_CONVERSION = YES;
				CLANG_WARN_CONSTANT_CONVERSION = YES;
				CLANG_WARN_DIRECT_OBJC_ISA_USAGE = YES_ERROR;
				CLANG_WARN_EMPTY_BODY = YES;
				CLANG_WARN_ENUM_CONVERSION = YES;
				CLANG_WARN_INT_CONVERSION = YES;
				CLANG_WARN_OBJC_ROOT_CLASS = YES_ERROR;
				CLANG_WARN_UNREACHABLE_CODE = YES;
				CLANG_WARN__DUPLICATE_METHOD_MATCH = YES;
				"CODE_SIGN_IDENTITY[sdk=iphoneos*]" = "iPhone Developer";
				COPY_PHASE_STRIP = YES;
				ENABLE_NS_ASSERTIONS = NO;
				ENABLE_STRICT_OBJC_MSGSEND = YES;
				GCC_C_LANGUAGE_STANDARD = gnu99;
				GCC_WARN_64_TO_32_BIT_CONVERSION = YES;
				GCC_WARN_ABOUT_RETURN_TYPE = YES_ERROR;
				GCC_WARN_UNDECLARED_SELECTOR = YES;
				GCC_WARN_UNINITIALIZED_AUTOS = YES_AGGRESSIVE;
				GCC_WARN_UNUSED_FUNCTION = YES;
				GCC_WARN_UNUSED_VARIABLE = YES;
				IPHONEOS_DEPLOYMENT_TARGET = 8.1;
				MTL_ENABLE_DEBUG_INFO = NO;
				SDKROOT = iphoneos;
				TARGETED_DEVICE_FAMILY = "1,2";
				VALIDATE_PRODUCT = YES;
			};
			name = Release;
		};
		66F902891A87EED600D65004 /* Debug */ = {
			isa = XCBuildConfiguration;
			buildSettings = {
				ASSETCATALOG_COMPILER_APPICON_NAME = AppIcon;
				INFOPLIST_FILE = "IOS Music App/Info.plist";
				LD_RUNPATH_SEARCH_PATHS = "$(inherited) @executable_path/Frameworks";
				PRODUCT_NAME = "$(TARGET_NAME)";
			};
			name = Debug;
		};
		66F9028A1A87EED600D65004 /* Release */ = {
			isa = XCBuildConfiguration;
			buildSettings = {
				ASSETCATALOG_COMPILER_APPICON_NAME = AppIcon;
				INFOPLIST_FILE = "IOS Music App/Info.plist";
				LD_RUNPATH_SEARCH_PATHS = "$(inherited) @executable_path/Frameworks";
				PRODUCT_NAME = "$(TARGET_NAME)";
			};
			name = Release;
		};
		66F9028C1A87EED600D65004 /* Debug */ = {
			isa = XCBuildConfiguration;
			buildSettings = {
				BUNDLE_LOADER = "$(TEST_HOST)";
				FRAMEWORK_SEARCH_PATHS = (
					"$(SDKROOT)/Developer/Library/Frameworks",
					"$(inherited)",
				);
				GCC_PREPROCESSOR_DEFINITIONS = (
					"DEBUG=1",
					"$(inherited)",
				);
				INFOPLIST_FILE = "IOS Music AppTests/Info.plist";
				LD_RUNPATH_SEARCH_PATHS = "$(inherited) @executable_path/Frameworks @loader_path/Frameworks";
				PRODUCT_NAME = "$(TARGET_NAME)";
				TEST_HOST = "$(BUILT_PRODUCTS_DIR)/IOS Music App.app/IOS Music App";
			};
			name = Debug;
		};
		66F9028D1A87EED600D65004 /* Release */ = {
			isa = XCBuildConfiguration;
			buildSettings = {
				BUNDLE_LOADER = "$(TEST_HOST)";
				FRAMEWORK_SEARCH_PATHS = (
					"$(SDKROOT)/Developer/Library/Frameworks",
					"$(inherited)",
				);
				INFOPLIST_FILE = "IOS Music AppTests/Info.plist";
				LD_RUNPATH_SEARCH_PATHS = "$(inherited) @executable_path/Frameworks @loader_path/Frameworks";
				PRODUCT_NAME = "$(TARGET_NAME)";
				TEST_HOST = "$(BUILT_PRODUCTS_DIR)/IOS Music App.app/IOS Music App";
			};
			name = Release;
		};
/* End XCBuildConfiguration section */

/* Begin XCConfigurationList section */
		66F902641A87EED500D65004 /* Build configuration list for PBXProject "IOS Music App" */ = {
			isa = XCConfigurationList;
			buildConfigurations = (
				66F902861A87EED600D65004 /* Debug */,
				66F902871A87EED600D65004 /* Release */,
			);
			defaultConfigurationIsVisible = 0;
			defaultConfigurationName = Release;
		};
		66F902881A87EED600D65004 /* Build configuration list for PBXNativeTarget "IOS Music App" */ = {
			isa = XCConfigurationList;
			buildConfigurations = (
				66F902891A87EED600D65004 /* Debug */,
				66F9028A1A87EED600D65004 /* Release */,
			);
			defaultConfigurationIsVisible = 0;
			defaultConfigurationName = Release;
		};
		66F9028B1A87EED600D65004 /* Build configuration list for PBXNativeTarget "IOS Music AppTests" */ = {
			isa = XCConfigurationList;
			buildConfigurations = (
				66F9028C1A87EED600D65004 /* Debug */,
				66F9028D1A87EED600D65004 /* Release */,
			);
			defaultConfigurationIsVisible = 0;
			defaultConfigurationName = Release;
		};
/* End XCConfigurationList section */
	};
	rootObject = 66F902611A87EED500D65004 /* Project object */;
}
